{
  "name": "tommy60718.github.io",
  "lockfileVersion": 3,
  "requires": true,
  "packages": {
    "": {
      "dependencies": {
        "animejs": "^4.0.0"
      }
    },
    "node_modules/animejs": {
      "version": "4.0.0",
      "resolved": "https://registry.npmjs.org/animejs/-/animejs-4.0.0.tgz",
      "integrity": "sha512-JHFkhTvH+hYAljDNH7V0qLWDvF/vDvcFB5RoTKjjzLc7JKBSHwMFBobUmXvblwzWqpDqe500q4lnk9/sNRWTzw=="
    }
  }
}
